// !$*UTF8*$!
{
	archiveVersion = 1;
	classes = {
	};
	objectVersion = 46;
	objects = {

/* Begin PBXBuildFile section */
		11BDD3FE970D9D2430AEE0FD /* Pods_ABExample.framework in Frameworks */ = {isa = PBXBuildFile; fileRef = 11A95DCBCC5680B0B2BE0661 /* Pods_ABExample.framework */; };
		1AFC8F7E1E70819500F4759B /* main.m in Sources */ = {isa = PBXBuildFile; fileRef = 1AFC8F7D1E70819500F4759B /* main.m */; };
		1AFC8F811E70819500F4759B /* AppDelegate.m in Sources */ = {isa = PBXBuildFile; fileRef = 1AFC8F801E70819500F4759B /* AppDelegate.m */; };
		1AFC8F8C1E70819500F4759B /* Assets.xcassets in Resources */ = {isa = PBXBuildFile; fileRef = 1AFC8F8B1E70819500F4759B /* Assets.xcassets */; };
		1AFC8F8F1E70819500F4759B /* LaunchScreen.storyboard in Resources */ = {isa = PBXBuildFile; fileRef = 1AFC8F8D1E70819500F4759B /* LaunchScreen.storyboard */; };
		1AFC8F9A1E70819500F4759B /* ABExampleTests.m in Sources */ = {isa = PBXBuildFile; fileRef = 1AFC8F991E70819500F4759B /* ABExampleTests.m */; };
		1AFC8FA51E70819500F4759B /* ABExampleUITests.m in Sources */ = {isa = PBXBuildFile; fileRef = 1AFC8FA41E70819500F4759B /* ABExampleUITests.m */; };
		1AFC8FB61E7085F400F4759B /* Main_iPad.storyboard in Resources */ = {isa = PBXBuildFile; fileRef = 1AFC8FB21E7085F400F4759B /* Main_iPad.storyboard */; };
		1AFC8FB71E7085F400F4759B /* Main_iPhone.storyboard in Resources */ = {isa = PBXBuildFile; fileRef = 1AFC8FB41E7085F400F4759B /* Main_iPhone.storyboard */; };
		1AFC8FD51E70885A00F4759B /* CalendarAttendeeObject.m in Sources */ = {isa = PBXBuildFile; fileRef = 1AFC8FBC1E70885A00F4759B /* CalendarAttendeeObject.m */; };
		1AFC8FD61E70885A00F4759B /* CalendarConvertor.m in Sources */ = {isa = PBXBuildFile; fileRef = 1AFC8FBE1E70885A00F4759B /* CalendarConvertor.m */; };
		1AFC8FD71E70885A00F4759B /* CalendarModel.m in Sources */ = {isa = PBXBuildFile; fileRef = 1AFC8FC01E70885A00F4759B /* CalendarModel.m */; };
		1AFC8FD81E70885A00F4759B /* CalendarObject.m in Sources */ = {isa = PBXBuildFile; fileRef = 1AFC8FC21E70885A00F4759B /* CalendarObject.m */; };
		1AFC8FD91E70885A00F4759B /* CalendarTableViewCell.m in Sources */ = {isa = PBXBuildFile; fileRef = 1AFC8FC41E70885A00F4759B /* CalendarTableViewCell.m */; };
		1AFC8FDA1E70885A00F4759B /* CalendarTableViewCell.xib in Resources */ = {isa = PBXBuildFile; fileRef = 1AFC8FC51E70885A00F4759B /* CalendarTableViewCell.xib */; };
		1AFC8FDB1E70885A00F4759B /* CalendarTableViewController.m in Sources */ = {isa = PBXBuildFile; fileRef = 1AFC8FC71E70885A00F4759B /* CalendarTableViewController.m */; };
		1AFC8FDC1E70885A00F4759B /* ContactConvertor.m in Sources */ = {isa = PBXBuildFile; fileRef = 1AFC8FC91E70885A00F4759B /* ContactConvertor.m */; };
		1AFC8FDD1E70885A00F4759B /* ContactDetailTableViewController.m in Sources */ = {isa = PBXBuildFile; fileRef = 1AFC8FCB1E70885A00F4759B /* ContactDetailTableViewController.m */; };
		1AFC8FDE1E70885A00F4759B /* ContactModel.m in Sources */ = {isa = PBXBuildFile; fileRef = 1AFC8FCD1E70885A00F4759B /* ContactModel.m */; };
		1AFC8FDF1E70885A00F4759B /* ContactObject.m in Sources */ = {isa = PBXBuildFile; fileRef = 1AFC8FCF1E70885A00F4759B /* ContactObject.m */; };
		1AFC8FE01E70885A00F4759B /* ContactsTableViewController.m in Sources */ = {isa = PBXBuildFile; fileRef = 1AFC8FD11E70885A00F4759B /* ContactsTableViewController.m */; };
		1AFC8FE11E70885A00F4759B /* ContactTableViewCell.m in Sources */ = {isa = PBXBuildFile; fileRef = 1AFC8FD31E70885A00F4759B /* ContactTableViewCell.m */; };
		1AFC8FE21E70885A00F4759B /* ContactTableViewCell.xib in Resources */ = {isa = PBXBuildFile; fileRef = 1AFC8FD41E70885A00F4759B /* ContactTableViewCell.xib */; };
		1AFC8FE71E70888200F4759B /* AppAnalytics.m in Sources */ = {isa = PBXBuildFile; fileRef = 1AFC8FE41E70888200F4759B /* AppAnalytics.m */; };
		1AFC8FE81E70888200F4759B /* AppAnalyticsTrackerVCtrl.m in Sources */ = {isa = PBXBuildFile; fileRef = 1AFC8FE61E70888200F4759B /* AppAnalyticsTrackerVCtrl.m */; };
		1AFC8FF01E70892700F4759B /* NSData+Category.m in Sources */ = {isa = PBXBuildFile; fileRef = 1AFC8FEB1E70892700F4759B /* NSData+Category.m */; };
		1AFC8FF11E70892700F4759B /* NSString+Category.m in Sources */ = {isa = PBXBuildFile; fileRef = 1AFC8FED1E70892700F4759B /* NSString+Category.m */; };
		1AFC8FF21E70892700F4759B /* UIColor+Category.m in Sources */ = {isa = PBXBuildFile; fileRef = 1AFC8FEF1E70892700F4759B /* UIColor+Category.m */; };
		1AFC8FFD1E709E2000F4759B /* ABConstants.m in Sources */ = {isa = PBXBuildFile; fileRef = 1AFC8FFC1E709E2000F4759B /* ABConstants.m */; };
		1AFC8FFE1E70BDFC00F4759B /* Contacts.db in Resources */ = {isa = PBXBuildFile; fileRef = 1AFC8FF61E708AC700F4759B /* Contacts.db */; };
		1AFC90021E70C24100F4759B /* AddressBookIcon.png in Resources */ = {isa = PBXBuildFile; fileRef = 1AFC90001E70C24100F4759B /* AddressBookIcon.png */; };
		1AFC90031E70C24100F4759B /* Calendar.png in Resources */ = {isa = PBXBuildFile; fileRef = 1AFC90011E70C24100F4759B /* Calendar.png */; };
		1AFC90061E70C37200F4759B /* AppDateFormatter.m in Sources */ = {isa = PBXBuildFile; fileRef = 1AFC90051E70C37200F4759B /* AppDateFormatter.m */; };
		1AFC90091E70C3A800F4759B /* SettingsModel+Category.m in Sources */ = {isa = PBXBuildFile; fileRef = 1AFC90081E70C3A800F4759B /* SettingsModel+Category.m */; };
/* End PBXBuildFile section */

/* Begin PBXContainerItemProxy section */
		1AFC8F961E70819500F4759B /* PBXContainerItemProxy */ = {
			isa = PBXContainerItemProxy;
			containerPortal = 1AFC8F711E70819500F4759B /* Project object */;
			proxyType = 1;
			remoteGlobalIDString = 1AFC8F781E70819500F4759B;
			remoteInfo = ABExample;
		};
		1AFC8FA11E70819500F4759B /* PBXContainerItemProxy */ = {
			isa = PBXContainerItemProxy;
			containerPortal = 1AFC8F711E70819500F4759B /* Project object */;
			proxyType = 1;
			remoteGlobalIDString = 1AFC8F781E70819500F4759B;
			remoteInfo = ABExample;
		};
/* End PBXContainerItemProxy section */

/* Begin PBXFileReference section */
		11A95DCBCC5680B0B2BE0661 /* Pods_ABExample.framework */ = {isa = PBXFileReference; explicitFileType = wrapper.framework; includeInIndex = 0; path = Pods_ABExample.framework; sourceTree = BUILT_PRODUCTS_DIR; };
		1AFC8F791E70819500F4759B /* ABExample.app */ = {isa = PBXFileReference; explicitFileType = wrapper.application; includeInIndex = 0; path = ABExample.app; sourceTree = BUILT_PRODUCTS_DIR; };
		1AFC8F7D1E70819500F4759B /* main.m */ = {isa = PBXFileReference; lastKnownFileType = sourcecode.c.objc; path = main.m; sourceTree = "<group>"; };
		1AFC8F7F1E70819500F4759B /* AppDelegate.h */ = {isa = PBXFileReference; lastKnownFileType = sourcecode.c.h; path = AppDelegate.h; sourceTree = "<group>"; };
		1AFC8F801E70819500F4759B /* AppDelegate.m */ = {isa = PBXFileReference; lastKnownFileType = sourcecode.c.objc; path = AppDelegate.m; sourceTree = "<group>"; };
		1AFC8F8B1E70819500F4759B /* Assets.xcassets */ = {isa = PBXFileReference; lastKnownFileType = folder.assetcatalog; path = Assets.xcassets; sourceTree = "<group>"; };
		1AFC8F8E1E70819500F4759B /* Base */ = {isa = PBXFileReference; lastKnownFileType = file.storyboard; name = Base; path = Base.lproj/LaunchScreen.storyboard; sourceTree = "<group>"; };
		1AFC8F901E70819500F4759B /* Info.plist */ = {isa = PBXFileReference; lastKnownFileType = text.plist.xml; path = Info.plist; sourceTree = "<group>"; };
		1AFC8F951E70819500F4759B /* ABExampleTests.xctest */ = {isa = PBXFileReference; explicitFileType = wrapper.cfbundle; includeInIndex = 0; path = ABExampleTests.xctest; sourceTree = BUILT_PRODUCTS_DIR; };
		1AFC8F991E70819500F4759B /* ABExampleTests.m */ = {isa = PBXFileReference; lastKnownFileType = sourcecode.c.objc; path = ABExampleTests.m; sourceTree = "<group>"; };
		1AFC8F9B1E70819500F4759B /* Info.plist */ = {isa = PBXFileReference; lastKnownFileType = text.plist.xml; path = Info.plist; sourceTree = "<group>"; };
		1AFC8FA01E70819500F4759B /* ABExampleUITests.xctest */ = {isa = PBXFileReference; explicitFileType = wrapper.cfbundle; includeInIndex = 0; path = ABExampleUITests.xctest; sourceTree = BUILT_PRODUCTS_DIR; };
		1AFC8FA41E70819500F4759B /* ABExampleUITests.m */ = {isa = PBXFileReference; lastKnownFileType = sourcecode.c.objc; path = ABExampleUITests.m; sourceTree = "<group>"; };
		1AFC8FA61E70819500F4759B /* Info.plist */ = {isa = PBXFileReference; lastKnownFileType = text.plist.xml; path = Info.plist; sourceTree = "<group>"; };
		1AFC8FB31E7085F400F4759B /* Base */ = {isa = PBXFileReference; lastKnownFileType = file.storyboard; name = Base; path = Base.lproj/Main_iPad.storyboard; sourceTree = "<group>"; };
		1AFC8FB51E7085F400F4759B /* Base */ = {isa = PBXFileReference; lastKnownFileType = file.storyboard; name = Base; path = Base.lproj/Main_iPhone.storyboard; sourceTree = "<group>"; };
		1AFC8FBB1E70885A00F4759B /* CalendarAttendeeObject.h */ = {isa = PBXFileReference; fileEncoding = 4; lastKnownFileType = sourcecode.c.h; name = CalendarAttendeeObject.h; path = ViewControllers/CalendarAttendeeObject.h; sourceTree = "<group>"; };
		1AFC8FBC1E70885A00F4759B /* CalendarAttendeeObject.m */ = {isa = PBXFileReference; fileEncoding = 4; lastKnownFileType = sourcecode.c.objc; name = CalendarAttendeeObject.m; path = ViewControllers/CalendarAttendeeObject.m; sourceTree = "<group>"; };
		1AFC8FBD1E70885A00F4759B /* CalendarConvertor.h */ = {isa = PBXFileReference; fileEncoding = 4; lastKnownFileType = sourcecode.c.h; name = CalendarConvertor.h; path = ViewControllers/CalendarConvertor.h; sourceTree = "<group>"; };
		1AFC8FBE1E70885A00F4759B /* CalendarConvertor.m */ = {isa = PBXFileReference; fileEncoding = 4; lastKnownFileType = sourcecode.c.objc; name = CalendarConvertor.m; path = ViewControllers/CalendarConvertor.m; sourceTree = "<group>"; };
		1AFC8FBF1E70885A00F4759B /* CalendarModel.h */ = {isa = PBXFileReference; fileEncoding = 4; lastKnownFileType = sourcecode.c.h; name = CalendarModel.h; path = ViewControllers/CalendarModel.h; sourceTree = "<group>"; };
		1AFC8FC01E70885A00F4759B /* CalendarModel.m */ = {isa = PBXFileReference; fileEncoding = 4; lastKnownFileType = sourcecode.c.objc; name = CalendarModel.m; path = ViewControllers/CalendarModel.m; sourceTree = "<group>"; };
		1AFC8FC11E70885A00F4759B /* CalendarObject.h */ = {isa = PBXFileReference; fileEncoding = 4; lastKnownFileType = sourcecode.c.h; name = CalendarObject.h; path = ViewControllers/CalendarObject.h; sourceTree = "<group>"; };
		1AFC8FC21E70885A00F4759B /* CalendarObject.m */ = {isa = PBXFileReference; fileEncoding = 4; lastKnownFileType = sourcecode.c.objc; name = CalendarObject.m; path = ViewControllers/CalendarObject.m; sourceTree = "<group>"; };
		1AFC8FC31E70885A00F4759B /* CalendarTableViewCell.h */ = {isa = PBXFileReference; fileEncoding = 4; lastKnownFileType = sourcecode.c.h; name = CalendarTableViewCell.h; path = ViewControllers/CalendarTableViewCell.h; sourceTree = "<group>"; };
		1AFC8FC41E70885A00F4759B /* CalendarTableViewCell.m */ = {isa = PBXFileReference; fileEncoding = 4; lastKnownFileType = sourcecode.c.objc; name = CalendarTableViewCell.m; path = ViewControllers/CalendarTableViewCell.m; sourceTree = "<group>"; };
		1AFC8FC51E70885A00F4759B /* CalendarTableViewCell.xib */ = {isa = PBXFileReference; fileEncoding = 4; lastKnownFileType = file.xib; name = CalendarTableViewCell.xib; path = ViewControllers/CalendarTableViewCell.xib; sourceTree = "<group>"; };
		1AFC8FC61E70885A00F4759B /* CalendarTableViewController.h */ = {isa = PBXFileReference; fileEncoding = 4; lastKnownFileType = sourcecode.c.h; name = CalendarTableViewController.h; path = ViewControllers/CalendarTableViewController.h; sourceTree = "<group>"; };
		1AFC8FC71E70885A00F4759B /* CalendarTableViewController.m */ = {isa = PBXFileReference; fileEncoding = 4; lastKnownFileType = sourcecode.c.objc; name = CalendarTableViewController.m; path = ViewControllers/CalendarTableViewController.m; sourceTree = "<group>"; };
		1AFC8FC81E70885A00F4759B /* ContactConvertor.h */ = {isa = PBXFileReference; fileEncoding = 4; lastKnownFileType = sourcecode.c.h; name = ContactConvertor.h; path = ViewControllers/ContactConvertor.h; sourceTree = "<group>"; };
		1AFC8FC91E70885A00F4759B /* ContactConvertor.m */ = {isa = PBXFileReference; fileEncoding = 4; lastKnownFileType = sourcecode.c.objc; name = ContactConvertor.m; path = ViewControllers/ContactConvertor.m; sourceTree = "<group>"; };
		1AFC8FCA1E70885A00F4759B /* ContactDetailTableViewController.h */ = {isa = PBXFileReference; fileEncoding = 4; lastKnownFileType = sourcecode.c.h; name = ContactDetailTableViewController.h; path = ViewControllers/ContactDetailTableViewController.h; sourceTree = "<group>"; };
		1AFC8FCB1E70885A00F4759B /* ContactDetailTableViewController.m */ = {isa = PBXFileReference; fileEncoding = 4; lastKnownFileType = sourcecode.c.objc; name = ContactDetailTableViewController.m; path = ViewControllers/ContactDetailTableViewController.m; sourceTree = "<group>"; };
		1AFC8FCC1E70885A00F4759B /* ContactModel.h */ = {isa = PBXFileReference; fileEncoding = 4; lastKnownFileType = sourcecode.c.h; name = ContactModel.h; path = ViewControllers/ContactModel.h; sourceTree = "<group>"; };
		1AFC8FCD1E70885A00F4759B /* ContactModel.m */ = {isa = PBXFileReference; fileEncoding = 4; lastKnownFileType = sourcecode.c.objc; name = ContactModel.m; path = ViewControllers/ContactModel.m; sourceTree = "<group>"; };
		1AFC8FCE1E70885A00F4759B /* ContactObject.h */ = {isa = PBXFileReference; fileEncoding = 4; lastKnownFileType = sourcecode.c.h; name = ContactObject.h; path = ViewControllers/ContactObject.h; sourceTree = "<group>"; };
		1AFC8FCF1E70885A00F4759B /* ContactObject.m */ = {isa = PBXFileReference; fileEncoding = 4; lastKnownFileType = sourcecode.c.objc; name = ContactObject.m; path = ViewControllers/ContactObject.m; sourceTree = "<group>"; };
		1AFC8FD01E70885A00F4759B /* ContactsTableViewController.h */ = {isa = PBXFileReference; fileEncoding = 4; lastKnownFileType = sourcecode.c.h; name = ContactsTableViewController.h; path = ViewControllers/ContactsTableViewController.h; sourceTree = "<group>"; };
		1AFC8FD11E70885A00F4759B /* ContactsTableViewController.m */ = {isa = PBXFileReference; fileEncoding = 4; lastKnownFileType = sourcecode.c.objc; name = ContactsTableViewController.m; path = ViewControllers/ContactsTableViewController.m; sourceTree = "<group>"; };
		1AFC8FD21E70885A00F4759B /* ContactTableViewCell.h */ = {isa = PBXFileReference; fileEncoding = 4; lastKnownFileType = sourcecode.c.h; name = ContactTableViewCell.h; path = ViewControllers/ContactTableViewCell.h; sourceTree = "<group>"; };
		1AFC8FD31E70885A00F4759B /* ContactTableViewCell.m */ = {isa = PBXFileReference; fileEncoding = 4; lastKnownFileType = sourcecode.c.objc; name = ContactTableViewCell.m; path = ViewControllers/ContactTableViewCell.m; sourceTree = "<group>"; };
		1AFC8FD41E70885A00F4759B /* ContactTableViewCell.xib */ = {isa = PBXFileReference; fileEncoding = 4; lastKnownFileType = file.xib; name = ContactTableViewCell.xib; path = ViewControllers/ContactTableViewCell.xib; sourceTree = "<group>"; };
		1AFC8FE31E70888200F4759B /* AppAnalytics.h */ = {isa = PBXFileReference; fileEncoding = 4; lastKnownFileType = sourcecode.c.h; name = AppAnalytics.h; path = Analytics/AppAnalytics.h; sourceTree = "<group>"; };
		1AFC8FE41E70888200F4759B /* AppAnalytics.m */ = {isa = PBXFileReference; fileEncoding = 4; lastKnownFileType = sourcecode.c.objc; name = AppAnalytics.m; path = Analytics/AppAnalytics.m; sourceTree = "<group>"; };
		1AFC8FE51E70888200F4759B /* AppAnalyticsTrackerVCtrl.h */ = {isa = PBXFileReference; fileEncoding = 4; lastKnownFileType = sourcecode.c.h; name = AppAnalyticsTrackerVCtrl.h; path = Analytics/AppAnalyticsTrackerVCtrl.h; sourceTree = "<group>"; };
		1AFC8FE61E70888200F4759B /* AppAnalyticsTrackerVCtrl.m */ = {isa = PBXFileReference; fileEncoding = 4; lastKnownFileType = sourcecode.c.objc; name = AppAnalyticsTrackerVCtrl.m; path = Analytics/AppAnalyticsTrackerVCtrl.m; sourceTree = "<group>"; };
		1AFC8FEA1E70892700F4759B /* NSData+Category.h */ = {isa = PBXFileReference; fileEncoding = 4; lastKnownFileType = sourcecode.c.h; name = "NSData+Category.h"; path = "Categories/NSData+Category.h"; sourceTree = "<group>"; };
		1AFC8FEB1E70892700F4759B /* NSData+Category.m */ = {isa = PBXFileReference; fileEncoding = 4; lastKnownFileType = sourcecode.c.objc; name = "NSData+Category.m"; path = "Categories/NSData+Category.m"; sourceTree = "<group>"; };
		1AFC8FEC1E70892700F4759B /* NSString+Category.h */ = {isa = PBXFileReference; fileEncoding = 4; lastKnownFileType = sourcecode.c.h; name = "NSString+Category.h"; path = "Categories/NSString+Category.h"; sourceTree = "<group>"; };
		1AFC8FED1E70892700F4759B /* NSString+Category.m */ = {isa = PBXFileReference; fileEncoding = 4; lastKnownFileType = sourcecode.c.objc; name = "NSString+Category.m"; path = "Categories/NSString+Category.m"; sourceTree = "<group>"; };
		1AFC8FEE1E70892700F4759B /* UIColor+Category.h */ = {isa = PBXFileReference; fileEncoding = 4; lastKnownFileType = sourcecode.c.h; name = "UIColor+Category.h"; path = "Categories/UIColor+Category.h"; sourceTree = "<group>"; };
		1AFC8FEF1E70892700F4759B /* UIColor+Category.m */ = {isa = PBXFileReference; fileEncoding = 4; lastKnownFileType = sourcecode.c.objc; name = "UIColor+Category.m"; path = "Categories/UIColor+Category.m"; sourceTree = "<group>"; };
		1AFC8FF61E708AC700F4759B /* Contacts.db */ = {isa = PBXFileReference; lastKnownFileType = file; name = Contacts.db; path = Resources/Contacts.db; sourceTree = "<group>"; };
		1AFC8FFB1E709E2000F4759B /* ABConstants.h */ = {isa = PBXFileReference; fileEncoding = 4; lastKnownFileType = sourcecode.c.h; name = ABConstants.h; path = ViewControllers/ABConstants.h; sourceTree = "<group>"; };
		1AFC8FFC1E709E2000F4759B /* ABConstants.m */ = {isa = PBXFileReference; fileEncoding = 4; lastKnownFileType = sourcecode.c.objc; name = ABConstants.m; path = ViewControllers/ABConstants.m; sourceTree = "<group>"; };
		1AFC90001E70C24100F4759B /* AddressBookIcon.png */ = {isa = PBXFileReference; lastKnownFileType = image.png; name = AddressBookIcon.png; path = Images/AddressBookIcon.png; sourceTree = "<group>"; };
		1AFC90011E70C24100F4759B /* Calendar.png */ = {isa = PBXFileReference; lastKnownFileType = image.png; name = Calendar.png; path = Images/Calendar.png; sourceTree = "<group>"; };
		1AFC90041E70C37200F4759B /* AppDateFormatter.h */ = {isa = PBXFileReference; fileEncoding = 4; lastKnownFileType = sourcecode.c.h; name = AppDateFormatter.h; path = AppUtils/AppDateFormatter.h; sourceTree = "<group>"; };
		1AFC90051E70C37200F4759B /* AppDateFormatter.m */ = {isa = PBXFileReference; fileEncoding = 4; lastKnownFileType = sourcecode.c.objc; name = AppDateFormatter.m; path = AppUtils/AppDateFormatter.m; sourceTree = "<group>"; };
		1AFC90071E70C3A800F4759B /* SettingsModel+Category.h */ = {isa = PBXFileReference; fileEncoding = 4; lastKnownFileType = sourcecode.c.h; name = "SettingsModel+Category.h"; path = "Categories/SettingsModel+Category.h"; sourceTree = "<group>"; };
		1AFC90081E70C3A800F4759B /* SettingsModel+Category.m */ = {isa = PBXFileReference; fileEncoding = 4; lastKnownFileType = sourcecode.c.objc; name = "SettingsModel+Category.m"; path = "Categories/SettingsModel+Category.m"; sourceTree = "<group>"; };
		1AFC900B1E70D3EC00F4759B /* README.md */ = {isa = PBXFileReference; lastKnownFileType = net.daringfireball.markdown; path = README.md; sourceTree = "<group>"; };
		3ABB70901D9567E08E606A58 /* Pods-ABExample.release.xcconfig */ = {isa = PBXFileReference; includeInIndex = 1; lastKnownFileType = text.xcconfig; name = "Pods-ABExample.release.xcconfig"; path = "Pods/Target Support Files/Pods-ABExample/Pods-ABExample.release.xcconfig"; sourceTree = "<group>"; };
		C7FCA754007C0A43FB5EF5F7 /* Pods-ABExample.debug.xcconfig */ = {isa = PBXFileReference; includeInIndex = 1; lastKnownFileType = text.xcconfig; name = "Pods-ABExample.debug.xcconfig"; path = "Pods/Target Support Files/Pods-ABExample/Pods-ABExample.debug.xcconfig"; sourceTree = "<group>"; };
/* End PBXFileReference section */

/* Begin PBXFrameworksBuildPhase section */
		1AFC8F761E70819500F4759B /* Frameworks */ = {
			isa = PBXFrameworksBuildPhase;
			buildActionMask = 2147483647;
			files = (
				11BDD3FE970D9D2430AEE0FD /* Pods_ABExample.framework in Frameworks */,
			);
			runOnlyForDeploymentPostprocessing = 0;
		};
		1AFC8F921E70819500F4759B /* Frameworks */ = {
			isa = PBXFrameworksBuildPhase;
			buildActionMask = 2147483647;
			files = (
			);
			runOnlyForDeploymentPostprocessing = 0;
		};
		1AFC8F9D1E70819500F4759B /* Frameworks */ = {
			isa = PBXFrameworksBuildPhase;
			buildActionMask = 2147483647;
			files = (
			);
			runOnlyForDeploymentPostprocessing = 0;
		};
/* End PBXFrameworksBuildPhase section */

/* Begin PBXGroup section */
		1AFC8F701E70819500F4759B = {
			isa = PBXGroup;
			children = (
				1AFC900B1E70D3EC00F4759B /* README.md */,
				1AFC8F7B1E70819500F4759B /* ABExample */,
				1AFC8FFF1E70C22100F4759B /* Images */,
				1AFC8FB81E7087E600F4759B /* Resources */,
				1AFC8F981E70819500F4759B /* ABExampleTests */,
				1AFC8FA31E70819500F4759B /* ABExampleUITests */,
				1AFC8F7A1E70819500F4759B /* Products */,
				DB924EF9D7BC8D00D0755462 /* Pods */,
				C168907C25E3C8DB1A051128 /* Frameworks */,
			);
			sourceTree = "<group>";
		};
		1AFC8F7A1E70819500F4759B /* Products */ = {
			isa = PBXGroup;
			children = (
				1AFC8F791E70819500F4759B /* ABExample.app */,
				1AFC8F951E70819500F4759B /* ABExampleTests.xctest */,
				1AFC8FA01E70819500F4759B /* ABExampleUITests.xctest */,
			);
			name = Products;
			sourceTree = "<group>";
		};
		1AFC8F7B1E70819500F4759B /* ABExample */ = {
			isa = PBXGroup;
			children = (
				1AFC8FF71E708B2D00F4759B /* AppUtilities */,
				1AFC8FE91E7088D700F4759B /* Categories */,
				1AFC8FBA1E70880C00F4759B /* Analytics */,
				1AFC8FB91E7087FB00F4759B /* ViewControllers */,
				1AFC8F7F1E70819500F4759B /* AppDelegate.h */,
				1AFC8F801E70819500F4759B /* AppDelegate.m */,
				1AFC8FFB1E709E2000F4759B /* ABConstants.h */,
				1AFC8FFC1E709E2000F4759B /* ABConstants.m */,
				1AFC8FB21E7085F400F4759B /* Main_iPad.storyboard */,
				1AFC8FB41E7085F400F4759B /* Main_iPhone.storyboard */,
				1AFC8F8B1E70819500F4759B /* Assets.xcassets */,
				1AFC8F8D1E70819500F4759B /* LaunchScreen.storyboard */,
				1AFC8F901E70819500F4759B /* Info.plist */,
				1AFC8F7C1E70819500F4759B /* Supporting Files */,
			);
			path = ABExample;
			sourceTree = "<group>";
		};
		1AFC8F7C1E70819500F4759B /* Supporting Files */ = {
			isa = PBXGroup;
			children = (
				1AFC8F7D1E70819500F4759B /* main.m */,
			);
			name = "Supporting Files";
			sourceTree = "<group>";
		};
		1AFC8F981E70819500F4759B /* ABExampleTests */ = {
			isa = PBXGroup;
			children = (
				1AFC8F991E70819500F4759B /* ABExampleTests.m */,
				1AFC8F9B1E70819500F4759B /* Info.plist */,
			);
			path = ABExampleTests;
			sourceTree = "<group>";
		};
		1AFC8FA31E70819500F4759B /* ABExampleUITests */ = {
			isa = PBXGroup;
			children = (
				1AFC8FA41E70819500F4759B /* ABExampleUITests.m */,
				1AFC8FA61E70819500F4759B /* Info.plist */,
			);
			path = ABExampleUITests;
			sourceTree = "<group>";
		};
		1AFC8FB81E7087E600F4759B /* Resources */ = {
			isa = PBXGroup;
			children = (
				1AFC8FF61E708AC700F4759B /* Contacts.db */,
			);
			name = Resources;
			path = ABExample;
			sourceTree = "<group>";
		};
		1AFC8FB91E7087FB00F4759B /* ViewControllers */ = {
			isa = PBXGroup;
			children = (
				1AFC8FBB1E70885A00F4759B /* CalendarAttendeeObject.h */,
				1AFC8FBC1E70885A00F4759B /* CalendarAttendeeObject.m */,
				1AFC8FBD1E70885A00F4759B /* CalendarConvertor.h */,
				1AFC8FBE1E70885A00F4759B /* CalendarConvertor.m */,
				1AFC8FBF1E70885A00F4759B /* CalendarModel.h */,
				1AFC8FC01E70885A00F4759B /* CalendarModel.m */,
				1AFC8FC11E70885A00F4759B /* CalendarObject.h */,
				1AFC8FC21E70885A00F4759B /* CalendarObject.m */,
				1AFC8FC31E70885A00F4759B /* CalendarTableViewCell.h */,
				1AFC8FC41E70885A00F4759B /* CalendarTableViewCell.m */,
				1AFC8FC51E70885A00F4759B /* CalendarTableViewCell.xib */,
				1AFC8FC61E70885A00F4759B /* CalendarTableViewController.h */,
				1AFC8FC71E70885A00F4759B /* CalendarTableViewController.m */,
				1AFC8FC81E70885A00F4759B /* ContactConvertor.h */,
				1AFC8FC91E70885A00F4759B /* ContactConvertor.m */,
				1AFC8FCA1E70885A00F4759B /* ContactDetailTableViewController.h */,
				1AFC8FCB1E70885A00F4759B /* ContactDetailTableViewController.m */,
				1AFC8FCC1E70885A00F4759B /* ContactModel.h */,
				1AFC8FCD1E70885A00F4759B /* ContactModel.m */,
				1AFC8FCE1E70885A00F4759B /* ContactObject.h */,
				1AFC8FCF1E70885A00F4759B /* ContactObject.m */,
				1AFC8FD01E70885A00F4759B /* ContactsTableViewController.h */,
				1AFC8FD11E70885A00F4759B /* ContactsTableViewController.m */,
				1AFC8FD21E70885A00F4759B /* ContactTableViewCell.h */,
				1AFC8FD31E70885A00F4759B /* ContactTableViewCell.m */,
				1AFC8FD41E70885A00F4759B /* ContactTableViewCell.xib */,
			);
			name = ViewControllers;
			sourceTree = "<group>";
		};
		1AFC8FBA1E70880C00F4759B /* Analytics */ = {
			isa = PBXGroup;
			children = (
				1AFC8FE31E70888200F4759B /* AppAnalytics.h */,
				1AFC8FE41E70888200F4759B /* AppAnalytics.m */,
				1AFC8FE51E70888200F4759B /* AppAnalyticsTrackerVCtrl.h */,
				1AFC8FE61E70888200F4759B /* AppAnalyticsTrackerVCtrl.m */,
			);
			name = Analytics;
			sourceTree = "<group>";
		};
		1AFC8FE91E7088D700F4759B /* Categories */ = {
			isa = PBXGroup;
			children = (
				1AFC8FEA1E70892700F4759B /* NSData+Category.h */,
				1AFC8FEB1E70892700F4759B /* NSData+Category.m */,
				1AFC8FEC1E70892700F4759B /* NSString+Category.h */,
				1AFC8FED1E70892700F4759B /* NSString+Category.m */,
				1AFC90071E70C3A800F4759B /* SettingsModel+Category.h */,
				1AFC90081E70C3A800F4759B /* SettingsModel+Category.m */,
				1AFC8FEE1E70892700F4759B /* UIColor+Category.h */,
				1AFC8FEF1E70892700F4759B /* UIColor+Category.m */,
			);
			name = Categories;
			sourceTree = "<group>";
		};
		1AFC8FF71E708B2D00F4759B /* AppUtilities */ = {
			isa = PBXGroup;
			children = (
				1AFC90041E70C37200F4759B /* AppDateFormatter.h */,
				1AFC90051E70C37200F4759B /* AppDateFormatter.m */,
			);
			name = AppUtilities;
			sourceTree = "<group>";
		};
		1AFC8FFF1E70C22100F4759B /* Images */ = {
			isa = PBXGroup;
			children = (
				1AFC90001E70C24100F4759B /* AddressBookIcon.png */,
				1AFC90011E70C24100F4759B /* Calendar.png */,
			);
			name = Images;
			path = ABExample;
			sourceTree = "<group>";
		};
		C168907C25E3C8DB1A051128 /* Frameworks */ = {
			isa = PBXGroup;
			children = (
				11A95DCBCC5680B0B2BE0661 /* Pods_ABExample.framework */,
			);
			name = Frameworks;
			sourceTree = "<group>";
		};
		DB924EF9D7BC8D00D0755462 /* Pods */ = {
			isa = PBXGroup;
			children = (
				C7FCA754007C0A43FB5EF5F7 /* Pods-ABExample.debug.xcconfig */,
				3ABB70901D9567E08E606A58 /* Pods-ABExample.release.xcconfig */,
			);
			name = Pods;
			sourceTree = "<group>";
		};
/* End PBXGroup section */

/* Begin PBXNativeTarget section */
		1AFC8F781E70819500F4759B /* ABExample */ = {
			isa = PBXNativeTarget;
			buildConfigurationList = 1AFC8FA91E70819500F4759B /* Build configuration list for PBXNativeTarget "ABExample" */;
			buildPhases = (
				68747177373ABA1614FB5407 /* [CP] Check Pods Manifest.lock */,
				1AFC8F751E70819500F4759B /* Sources */,
				1AFC8F761E70819500F4759B /* Frameworks */,
				1AFC8F771E70819500F4759B /* Resources */,
				4BC5E5D476B3A68EC01D15E1 /* [CP] Embed Pods Frameworks */,
				81C10371D39D99F337350763 /* [CP] Copy Pods Resources */,
				1AFC900A1E70CEA900F4759B /* ShellScript */,
			);
			buildRules = (
			);
			dependencies = (
			);
			name = ABExample;
			productName = ABExample;
			productReference = 1AFC8F791E70819500F4759B /* ABExample.app */;
			productType = "com.apple.product-type.application";
		};
		1AFC8F941E70819500F4759B /* ABExampleTests */ = {
			isa = PBXNativeTarget;
			buildConfigurationList = 1AFC8FAC1E70819500F4759B /* Build configuration list for PBXNativeTarget "ABExampleTests" */;
			buildPhases = (
				1AFC8F911E70819500F4759B /* Sources */,
				1AFC8F921E70819500F4759B /* Frameworks */,
				1AFC8F931E70819500F4759B /* Resources */,
			);
			buildRules = (
			);
			dependencies = (
				1AFC8F971E70819500F4759B /* PBXTargetDependency */,
			);
			name = ABExampleTests;
			productName = ABExampleTests;
			productReference = 1AFC8F951E70819500F4759B /* ABExampleTests.xctest */;
			productType = "com.apple.product-type.bundle.unit-test";
		};
		1AFC8F9F1E70819500F4759B /* ABExampleUITests */ = {
			isa = PBXNativeTarget;
			buildConfigurationList = 1AFC8FAF1E70819500F4759B /* Build configuration list for PBXNativeTarget "ABExampleUITests" */;
			buildPhases = (
				1AFC8F9C1E70819500F4759B /* Sources */,
				1AFC8F9D1E70819500F4759B /* Frameworks */,
				1AFC8F9E1E70819500F4759B /* Resources */,
			);
			buildRules = (
			);
			dependencies = (
				1AFC8FA21E70819500F4759B /* PBXTargetDependency */,
			);
			name = ABExampleUITests;
			productName = ABExampleUITests;
			productReference = 1AFC8FA01E70819500F4759B /* ABExampleUITests.xctest */;
			productType = "com.apple.product-type.bundle.ui-testing";
		};
/* End PBXNativeTarget section */

/* Begin PBXProject section */
		1AFC8F711E70819500F4759B /* Project object */ = {
			isa = PBXProject;
			attributes = {
				LastUpgradeCheck = 0820;
				ORGANIZATIONNAME = "Pat Murphy";
				TargetAttributes = {
					1AFC8F781E70819500F4759B = {
						CreatedOnToolsVersion = 8.2.1;
						DevelopmentTeam = QJ7DWU7T8P;
						ProvisioningStyle = Automatic;
					};
					1AFC8F941E70819500F4759B = {
						CreatedOnToolsVersion = 8.2.1;
						DevelopmentTeam = QJ7DWU7T8P;
						ProvisioningStyle = Automatic;
						TestTargetID = 1AFC8F781E70819500F4759B;
					};
					1AFC8F9F1E70819500F4759B = {
						CreatedOnToolsVersion = 8.2.1;
						DevelopmentTeam = QJ7DWU7T8P;
						ProvisioningStyle = Automatic;
						TestTargetID = 1AFC8F781E70819500F4759B;
					};
				};
			};
			buildConfigurationList = 1AFC8F741E70819500F4759B /* Build configuration list for PBXProject "ABExample" */;
			compatibilityVersion = "Xcode 3.2";
			developmentRegion = English;
			hasScannedForEncodings = 0;
			knownRegions = (
				en,
				Base,
			);
			mainGroup = 1AFC8F701E70819500F4759B;
			productRefGroup = 1AFC8F7A1E70819500F4759B /* Products */;
			projectDirPath = "";
			projectRoot = "";
			targets = (
				1AFC8F781E70819500F4759B /* ABExample */,
				1AFC8F941E70819500F4759B /* ABExampleTests */,
				1AFC8F9F1E70819500F4759B /* ABExampleUITests */,
			);
		};
/* End PBXProject section */

/* Begin PBXResourcesBuildPhase section */
		1AFC8F771E70819500F4759B /* Resources */ = {
			isa = PBXResourcesBuildPhase;
			buildActionMask = 2147483647;
			files = (
				1AFC90031E70C24100F4759B /* Calendar.png in Resources */,
				1AFC90021E70C24100F4759B /* AddressBookIcon.png in Resources */,
				1AFC8FE21E70885A00F4759B /* ContactTableViewCell.xib in Resources */,
				1AFC8F8F1E70819500F4759B /* LaunchScreen.storyboard in Resources */,
				1AFC8FFE1E70BDFC00F4759B /* Contacts.db in Resources */,
				1AFC8FB61E7085F400F4759B /* Main_iPad.storyboard in Resources */,
				1AFC8FDA1E70885A00F4759B /* CalendarTableViewCell.xib in Resources */,
				1AFC8FB71E7085F400F4759B /* Main_iPhone.storyboard in Resources */,
				1AFC8F8C1E70819500F4759B /* Assets.xcassets in Resources */,
			);
			runOnlyForDeploymentPostprocessing = 0;
		};
		1AFC8F931E70819500F4759B /* Resources */ = {
			isa = PBXResourcesBuildPhase;
			buildActionMask = 2147483647;
			files = (
			);
			runOnlyForDeploymentPostprocessing = 0;
		};
		1AFC8F9E1E70819500F4759B /* Resources */ = {
			isa = PBXResourcesBuildPhase;
			buildActionMask = 2147483647;
			files = (
			);
			runOnlyForDeploymentPostprocessing = 0;
		};
/* End PBXResourcesBuildPhase section */

/* Begin PBXShellScriptBuildPhase section */
		1AFC900A1E70CEA900F4759B /* ShellScript */ = {
			isa = PBXShellScriptBuildPhase;
			buildActionMask = 2147483647;
			files = (
			);
			inputPaths = (
			);
			outputPaths = (
			);
			runOnlyForDeploymentPostprocessing = 0;
			shellPath = /bin/sh;
			shellScript = "git_version=$(git log -1 --format=\"%h\")\ngit_branch=$(git symbolic-ref --short -q HEAD)\ngit_tag=$(git describe --tags --exact-match 2>/dev/null)\n\nbuild_time=$(date \"+%m-%d-%Y %r\")\ngit_branch_or_tag=\"${git_branch:-${git_tag}}\"\n\ninfo_plist=\"${BUILT_PRODUCTS_DIR}/${EXECUTABLE_FOLDER_PATH}/Info.plist\"\n/usr/libexec/PlistBuddy -c \"Set :GitCommit '${git_branch_or_tag}-${git_version}'\" \"${info_plist}\"\n/usr/libexec/PlistBuddy -c \"Set :BuildDate '${build_time}'\" \"${info_plist}\"\n";
		};
		4BC5E5D476B3A68EC01D15E1 /* [CP] Embed Pods Frameworks */ = {
			isa = PBXShellScriptBuildPhase;
			buildActionMask = 2147483647;
			files = (
			);
			inputPaths = (
			);
			name = "[CP] Embed Pods Frameworks";
			outputPaths = (
			);
			runOnlyForDeploymentPostprocessing = 0;
			shellPath = /bin/sh;
			shellScript = "\"${SRCROOT}/Pods/Target Support Files/Pods-ABExample/Pods-ABExample-frameworks.sh\"\n";
			showEnvVarsInLog = 0;
		};
		68747177373ABA1614FB5407 /* [CP] Check Pods Manifest.lock */ = {
			isa = PBXShellScriptBuildPhase;
			buildActionMask = 2147483647;
			files = (
			);
			inputPaths = (
			);
			name = "[CP] Check Pods Manifest.lock";
			outputPaths = (
			);
			runOnlyForDeploymentPostprocessing = 0;
			shellPath = /bin/sh;
			shellScript = "diff \"${PODS_ROOT}/../Podfile.lock\" \"${PODS_ROOT}/Manifest.lock\" > /dev/null\nif [ $? != 0 ] ; then\n    # print error to STDERR\n    echo \"error: The sandbox is not in sync with the Podfile.lock. Run 'pod install' or update your CocoaPods installation.\" >&2\n    exit 1\nfi\n";
			showEnvVarsInLog = 0;
		};
		81C10371D39D99F337350763 /* [CP] Copy Pods Resources */ = {
			isa = PBXShellScriptBuildPhase;
			buildActionMask = 2147483647;
			files = (
			);
			inputPaths = (
			);
			name = "[CP] Copy Pods Resources";
			outputPaths = (
			);
			runOnlyForDeploymentPostprocessing = 0;
			shellPath = /bin/sh;
			shellScript = "\"${SRCROOT}/Pods/Target Support Files/Pods-ABExample/Pods-ABExample-resources.sh\"\n";
			showEnvVarsInLog = 0;
		};
/* End PBXShellScriptBuildPhase section */

/* Begin PBXSourcesBuildPhase section */
		1AFC8F751E70819500F4759B /* Sources */ = {
			isa = PBXSourcesBuildPhase;
			buildActionMask = 2147483647;
			files = (
				1AFC8FDC1E70885A00F4759B /* ContactConvertor.m in Sources */,
				1AFC90061E70C37200F4759B /* AppDateFormatter.m in Sources */,
				1AFC8FD51E70885A00F4759B /* CalendarAttendeeObject.m in Sources */,
				1AFC8FE11E70885A00F4759B /* ContactTableViewCell.m in Sources */,
				1AFC8FDB1E70885A00F4759B /* CalendarTableViewController.m in Sources */,
				1AFC8F811E70819500F4759B /* AppDelegate.m in Sources */,
				1AFC8FE81E70888200F4759B /* AppAnalyticsTrackerVCtrl.m in Sources */,
				1AFC8FE71E70888200F4759B /* AppAnalytics.m in Sources */,
				1AFC8FD91E70885A00F4759B /* CalendarTableViewCell.m in Sources */,
				1AFC8FE01E70885A00F4759B /* ContactsTableViewController.m in Sources */,
				1AFC8FDF1E70885A00F4759B /* ContactObject.m in Sources */,
				1AFC8FD61E70885A00F4759B /* CalendarConvertor.m in Sources */,
				1AFC90091E70C3A800F4759B /* SettingsModel+Category.m in Sources */,
				1AFC8FD71E70885A00F4759B /* CalendarModel.m in Sources */,
				1AFC8FF01E70892700F4759B /* NSData+Category.m in Sources */,
				1AFC8FF21E70892700F4759B /* UIColor+Category.m in Sources */,
				1AFC8FF11E70892700F4759B /* NSString+Category.m in Sources */,
				1AFC8FD81E70885A00F4759B /* CalendarObject.m in Sources */,
				1AFC8F7E1E70819500F4759B /* main.m in Sources */,
				1AFC8FFD1E709E2000F4759B /* ABConstants.m in Sources */,
				1AFC8FDD1E70885A00F4759B /* ContactDetailTableViewController.m in Sources */,
				1AFC8FDE1E70885A00F4759B /* ContactModel.m in Sources */,
			);
			runOnlyForDeploymentPostprocessing = 0;
		};
		1AFC8F911E70819500F4759B /* Sources */ = {
			isa = PBXSourcesBuildPhase;
			buildActionMask = 2147483647;
			files = (
				1AFC8F9A1E70819500F4759B /* ABExampleTests.m in Sources */,
			);
			runOnlyForDeploymentPostprocessing = 0;
		};
		1AFC8F9C1E70819500F4759B /* Sources */ = {
			isa = PBXSourcesBuildPhase;
			buildActionMask = 2147483647;
			files = (
				1AFC8FA51E70819500F4759B /* ABExampleUITests.m in Sources */,
			);
			runOnlyForDeploymentPostprocessing = 0;
		};
/* End PBXSourcesBuildPhase section */

/* Begin PBXTargetDependency section */
		1AFC8F971E70819500F4759B /* PBXTargetDependency */ = {
			isa = PBXTargetDependency;
			target = 1AFC8F781E70819500F4759B /* ABExample */;
			targetProxy = 1AFC8F961E70819500F4759B /* PBXContainerItemProxy */;
		};
		1AFC8FA21E70819500F4759B /* PBXTargetDependency */ = {
			isa = PBXTargetDependency;
			target = 1AFC8F781E70819500F4759B /* ABExample */;
			targetProxy = 1AFC8FA11E70819500F4759B /* PBXContainerItemProxy */;
		};
/* End PBXTargetDependency section */

/* Begin PBXVariantGroup section */
		1AFC8F8D1E70819500F4759B /* LaunchScreen.storyboard */ = {
			isa = PBXVariantGroup;
			children = (
				1AFC8F8E1E70819500F4759B /* Base */,
			);
			name = LaunchScreen.storyboard;
			sourceTree = "<group>";
		};
		1AFC8FB21E7085F400F4759B /* Main_iPad.storyboard */ = {
			isa = PBXVariantGroup;
			children = (
				1AFC8FB31E7085F400F4759B /* Base */,
			);
			name = Main_iPad.storyboard;
			sourceTree = "<group>";
		};
		1AFC8FB41E7085F400F4759B /* Main_iPhone.storyboard */ = {
			isa = PBXVariantGroup;
			children = (
				1AFC8FB51E7085F400F4759B /* Base */,
			);
			name = Main_iPhone.storyboard;
			sourceTree = "<group>";
		};
/* End PBXVariantGroup section */

/* Begin XCBuildConfiguration section */
		1AFC8FA71E70819500F4759B /* Debug */ = {
			isa = XCBuildConfiguration;
			buildSettings = {
				ALWAYS_SEARCH_USER_PATHS = NO;
				CLANG_ANALYZER_NONNULL = YES;
				CLANG_CXX_LANGUAGE_STANDARD = "gnu++0x";
				CLANG_CXX_LIBRARY = "libc++";
				CLANG_ENABLE_MODULES = YES;
				CLANG_ENABLE_OBJC_ARC = YES;
				CLANG_WARN_BOOL_CONVERSION = YES;
				CLANG_WARN_CONSTANT_CONVERSION = YES;
				CLANG_WARN_DIRECT_OBJC_ISA_USAGE = YES_ERROR;
				CLANG_WARN_DOCUMENTATION_COMMENTS = YES;
				CLANG_WARN_EMPTY_BODY = YES;
				CLANG_WARN_ENUM_CONVERSION = YES;
				CLANG_WARN_INFINITE_RECURSION = YES;
				CLANG_WARN_INT_CONVERSION = YES;
				CLANG_WARN_OBJC_ROOT_CLASS = YES_ERROR;
				CLANG_WARN_SUSPICIOUS_MOVE = YES;
				CLANG_WARN_UNREACHABLE_CODE = YES;
				CLANG_WARN__DUPLICATE_METHOD_MATCH = YES;
				"CODE_SIGN_IDENTITY[sdk=iphoneos*]" = "iPhone Developer";
				COPY_PHASE_STRIP = NO;
				DEBUG_INFORMATION_FORMAT = dwarf;
				ENABLE_STRICT_OBJC_MSGSEND = YES;
				ENABLE_TESTABILITY = YES;
				GCC_C_LANGUAGE_STANDARD = gnu99;
				GCC_DYNAMIC_NO_PIC = NO;
				GCC_NO_COMMON_BLOCKS = YES;
				GCC_OPTIMIZATION_LEVEL = 0;
				GCC_PREPROCESSOR_DEFINITIONS = (
					"DEBUG=1",
					"$(inherited)",
				);
				GCC_WARN_64_TO_32_BIT_CONVERSION = YES;
				GCC_WARN_ABOUT_RETURN_TYPE = YES_ERROR;
				GCC_WARN_UNDECLARED_SELECTOR = YES;
				GCC_WARN_UNINITIALIZED_AUTOS = YES_AGGRESSIVE;
				GCC_WARN_UNUSED_FUNCTION = YES;
				GCC_WARN_UNUSED_VARIABLE = YES;
				IPHONEOS_DEPLOYMENT_TARGET = 10.2;
				MTL_ENABLE_DEBUG_INFO = YES;
				ONLY_ACTIVE_ARCH = YES;
				SDKROOT = iphoneos;
				TARGETED_DEVICE_FAMILY = "1,2";
			};
			name = Debug;
		};
		1AFC8FA81E70819500F4759B /* Release */ = {
			isa = XCBuildConfiguration;
			buildSettings = {
				ALWAYS_SEARCH_USER_PATHS = NO;
				CLANG_ANALYZER_NONNULL = YES;
				CLANG_CXX_LANGUAGE_STANDARD = "gnu++0x";
				CLANG_CXX_LIBRARY = "libc++";
				CLANG_ENABLE_MODULES = YES;
				CLANG_ENABLE_OBJC_ARC = YES;
				CLANG_WARN_BOOL_CONVERSION = YES;
				CLANG_WARN_CONSTANT_CONVERSION = YES;
				CLANG_WARN_DIRECT_OBJC_ISA_USAGE = YES_ERROR;
				CLANG_WARN_DOCUMENTATION_COMMENTS = YES;
				CLANG_WARN_EMPTY_BODY = YES;
				CLANG_WARN_ENUM_CONVERSION = YES;
				CLANG_WARN_INFINITE_RECURSION = YES;
				CLANG_WARN_INT_CONVERSION = YES;
				CLANG_WARN_OBJC_ROOT_CLASS = YES_ERROR;
				CLANG_WARN_SUSPICIOUS_MOVE = YES;
				CLANG_WARN_UNREACHABLE_CODE = YES;
				CLANG_WARN__DUPLICATE_METHOD_MATCH = YES;
				"CODE_SIGN_IDENTITY[sdk=iphoneos*]" = "iPhone Developer";
				COPY_PHASE_STRIP = NO;
				DEBUG_INFORMATION_FORMAT = "dwarf-with-dsym";
				ENABLE_NS_ASSERTIONS = NO;
				ENABLE_STRICT_OBJC_MSGSEND = YES;
				GCC_C_LANGUAGE_STANDARD = gnu99;
				GCC_NO_COMMON_BLOCKS = YES;
				GCC_WARN_64_TO_32_BIT_CONVERSION = YES;
				GCC_WARN_ABOUT_RETURN_TYPE = YES_ERROR;
				GCC_WARN_UNDECLARED_SELECTOR = YES;
				GCC_WARN_UNINITIALIZED_AUTOS = YES_AGGRESSIVE;
				GCC_WARN_UNUSED_FUNCTION = YES;
				GCC_WARN_UNUSED_VARIABLE = YES;
				IPHONEOS_DEPLOYMENT_TARGET = 10.2;
				MTL_ENABLE_DEBUG_INFO = NO;
				SDKROOT = iphoneos;
				TARGETED_DEVICE_FAMILY = "1,2";
				VALIDATE_PRODUCT = YES;
			};
			name = Release;
		};
		1AFC8FAA1E70819500F4759B /* Debug */ = {
			isa = XCBuildConfiguration;
			baseConfigurationReference = C7FCA754007C0A43FB5EF5F7 /* Pods-ABExample.debug.xcconfig */;
			buildSettings = {
				ASSETCATALOG_COMPILER_APPICON_NAME = AppIcon;
				DEVELOPMENT_TEAM = QJ7DWU7T8P;
				INFOPLIST_FILE = ABExample/Info.plist;
				LD_RUNPATH_SEARCH_PATHS = "$(inherited) @executable_path/Frameworks";
				PRODUCT_BUNDLE_IDENTIFIER = com.fitamatic.ABExample;
				PRODUCT_NAME = "$(TARGET_NAME)";
			};
			name = Debug;
		};
		1AFC8FAB1E70819500F4759B /* Release */ = {
			isa = XCBuildConfiguration;
			baseConfigurationReference = 3ABB70901D9567E08E606A58 /* Pods-ABExample.release.xcconfig */;
			buildSettings = {
				ASSETCATALOG_COMPILER_APPICON_NAME = AppIcon;
				DEVELOPMENT_TEAM = QJ7DWU7T8P;
				INFOPLIST_FILE = ABExample/Info.plist;
				LD_RUNPATH_SEARCH_PATHS = "$(inherited) @executable_path/Frameworks";
				PRODUCT_BUNDLE_IDENTIFIER = com.fitamatic.ABExample;
				PRODUCT_NAME = "$(TARGET_NAME)";
			};
			name = Release;
		};
		1AFC8FAD1E70819500F4759B /* Debug */ = {
			isa = XCBuildConfiguration;
			buildSettings = {
				BUNDLE_LOADER = "$(TEST_HOST)";
				DEVELOPMENT_TEAM = QJ7DWU7T8P;
				INFOPLIST_FILE = ABExampleTests/Info.plist;
				LD_RUNPATH_SEARCH_PATHS = "$(inherited) @executable_path/Frameworks @loader_path/Frameworks";
				PRODUCT_BUNDLE_IDENTIFIER = com.fitamatic.ABExampleTests;
				PRODUCT_NAME = "$(TARGET_NAME)";
				TEST_HOST = "$(BUILT_PRODUCTS_DIR)/ABExample.app/ABExample";
			};
			name = Debug;
		};
		1AFC8FAE1E70819500F4759B /* Release */ = {
			isa = XCBuildConfiguration;
			buildSettings = {
				BUNDLE_LOADER = "$(TEST_HOST)";
				DEVELOPMENT_TEAM = QJ7DWU7T8P;
				INFOPLIST_FILE = ABExampleTests/Info.plist;
				LD_RUNPATH_SEARCH_PATHS = "$(inherited) @executable_path/Frameworks @loader_path/Frameworks";
				PRODUCT_BUNDLE_IDENTIFIER = com.fitamatic.ABExampleTests;
				PRODUCT_NAME = "$(TARGET_NAME)";
				TEST_HOST = "$(BUILT_PRODUCTS_DIR)/ABExample.app/ABExample";
			};
			name = Release;
		};
		1AFC8FB01E70819500F4759B /* Debug */ = {
			isa = XCBuildConfiguration;
			buildSettings = {
				DEVELOPMENT_TEAM = QJ7DWU7T8P;
				INFOPLIST_FILE = ABExampleUITests/Info.plist;
				LD_RUNPATH_SEARCH_PATHS = "$(inherited) @executable_path/Frameworks @loader_path/Frameworks";
				PRODUCT_BUNDLE_IDENTIFIER = com.fitamatic.ABExampleUITests;
				PRODUCT_NAME = "$(TARGET_NAME)";
				TEST_TARGET_NAME = ABExample;
			};
			name = Debug;
		};
		1AFC8FB11E70819500F4759B /* Release */ = {
			isa = XCBuildConfiguration;
			buildSettings = {
				DEVELOPMENT_TEAM = QJ7DWU7T8P;
				INFOPLIST_FILE = ABExampleUITests/Info.plist;
				LD_RUNPATH_SEARCH_PATHS = "$(inherited) @executable_path/Frameworks @loader_path/Frameworks";
				PRODUCT_BUNDLE_IDENTIFIER = com.fitamatic.ABExampleUITests;
				PRODUCT_NAME = "$(TARGET_NAME)";
				TEST_TARGET_NAME = ABExample;
			};
			name = Release;
		};
/* End XCBuildConfiguration section */

/* Begin XCConfigurationList section */
		1AFC8F741E70819500F4759B /* Build configuration list for PBXProject "ABExample" */ = {
			isa = XCConfigurationList;
			buildConfigurations = (
				1AFC8FA71E70819500F4759B /* Debug */,
				1AFC8FA81E70819500F4759B /* Release */,
			);
			defaultConfigurationIsVisible = 0;
			defaultConfigurationName = Release;
		};
		1AFC8FA91E70819500F4759B /* Build configuration list for PBXNativeTarget "ABExample" */ = {
			isa = XCConfigurationList;
			buildConfigurations = (
				1AFC8FAA1E70819500F4759B /* Debug */,
				1AFC8FAB1E70819500F4759B /* Release */,
			);
			defaultConfigurationIsVisible = 0;
			defaultConfigurationName = Release;
		};
		1AFC8FAC1E70819500F4759B /* Build configuration list for PBXNativeTarget "ABExampleTests" */ = {
			isa = XCConfigurationList;
			buildConfigurations = (
				1AFC8FAD1E70819500F4759B /* Debug */,
				1AFC8FAE1E70819500F4759B /* Release */,
			);
			defaultConfigurationIsVisible = 0;
			defaultConfigurationName = Release;
		};
		1AFC8FAF1E70819500F4759B /* Build configuration list for PBXNativeTarget "ABExampleUITests" */ = {
			isa = XCConfigurationList;
			buildConfigurations = (
				1AFC8FB01E70819500F4759B /* Debug */,
				1AFC8FB11E70819500F4759B /* Release */,
			);
			defaultConfigurationIsVisible = 0;
			defaultConfigurationName = Release;
		};
/* End XCConfigurationList section */
	};
	rootObject = 1AFC8F711E70819500F4759B /* Project object */;
}
